
Microsoft Visual Studio Solution File, Format Version 12.00
# Visual Studio Version 17
VisualStudioVersion = 17.5.002.0
MinimumVisualStudioVersion = 10.0.40219.1
Project("{9A19103F-16F7-4668-BE54-9A1E7A4F7556}") = "RagWithSDKs", "src\RagWithSDKs.csproj", "{7ABF8AE8-CB69-49A4-900A-A79A393C1B41}"
EndProject
Global
	GlobalSection(SolutionConfigurationPlatforms) = preSolution
		Debug|Any CPU = Debug|Any CPU
		Release|Any CPU = Release|Any CPU
	EndGlobalSection
	GlobalSection(ProjectConfigurationPlatforms) = postSolution
		{7ABF8AE8-CB69-49A4-900A-A79A393C1B41}.Debug|Any CPU.ActiveCfg = Debug|Any CPU
		{7ABF8AE8-CB69-49A4-900A-A79A393C1B41}.Debug|Any CPU.Build.0 = Debug|Any CPU
		{7ABF8AE8-CB69-49A4-900A-A79A393C1B41}.Release|Any CPU.ActiveCfg = Release|Any CPU
		{7ABF8AE8-CB69-49A4-900A-A79A393C1B41}.Release|Any CPU.Build.0 = Release|Any CPU
	EndGlobalSection
	GlobalSection(SolutionProperties) = preSolution
		HideSolutionNode = FALSE
	EndGlobalSection
	GlobalSection(ExtensibilityGlobals) = postSolution
		SolutionGuid = {C49D504F-00FD-493D-8B6F-09DB7374A7C7}
	EndGlobalSection
EndGlobal
